
Microsoft Visual Studio Solution File, Format Version 12.00
# Visual Studio 15
VisualStudioVersion = 15.0.28307.572
MinimumVisualStudioVersion = 10.0.40219.1
Project("{2150E333-8FDC-42A3-9474-1A3956D46DE8}") = "src", "src", "{EA39A551-0196-4004-8451-3943A719F543}"
EndProject
Project("{2150E333-8FDC-42A3-9474-1A3956D46DE8}") = "scripts", "scripts", "{DCA5A63F-8EEF-4A2F-BBBA-7F0B2B9E37E6}"
EndProject
Project("{9A19103F-16F7-4668-BE54-9A1E7A4F7556}") = "Prestige.Kernel.Authentication", "src\Prestige.Kernel.Authentication\Prestige.Kernel.Authentication.csproj", "{42B283A0-1B51-4C6C-80C7-39AA785181BF}"
EndProject
Project("{9A19103F-16F7-4668-BE54-9A1E7A4F7556}") = "Prestige.Kernel.ExceptionHandler", "src\Prestige.Kernel.ExceptionHandler\Prestige.Kernel.ExceptionHandler.csproj", "{36FA6162-905D-44F4-8327-43C1C7C890C2}"
EndProject
Project("{FAE04EC0-301F-11D3-BF4B-00C04F79EFBC}") = "Prestige.Kernel.Redis", "Prestige.Kernel.Redis\Prestige.Kernel.Redis.csproj", "{14F1D225-6CA6-47CB-82B8-BAB3055CFCC2}"
EndProject
Project("{FAE04EC0-301F-11D3-BF4B-00C04F79EFBC}") = "Prestige.Kernel.Common", "Prestige.Kernel.Common\Prestige.Kernel.Common.csproj", "{C3AE176F-5D6F-4EB3-87EF-F19EC45B08A8}"
EndProject
Global
	GlobalSection(SolutionConfigurationPlatforms) = preSolution
		Debug|Any CPU = Debug|Any CPU
		Release|Any CPU = Release|Any CPU
	EndGlobalSection
	GlobalSection(ProjectConfigurationPlatforms) = postSolution
		{42B283A0-1B51-4C6C-80C7-39AA785181BF}.Debug|Any CPU.ActiveCfg = Debug|Any CPU
		{42B283A0-1B51-4C6C-80C7-39AA785181BF}.Debug|Any CPU.Build.0 = Debug|Any CPU
		{42B283A0-1B51-4C6C-80C7-39AA785181BF}.Release|Any CPU.ActiveCfg = Release|Any CPU
		{42B283A0-1B51-4C6C-80C7-39AA785181BF}.Release|Any CPU.Build.0 = Release|Any CPU
		{36FA6162-905D-44F4-8327-43C1C7C890C2}.Debug|Any CPU.ActiveCfg = Debug|Any CPU
		{36FA6162-905D-44F4-8327-43C1C7C890C2}.Debug|Any CPU.Build.0 = Debug|Any CPU
		{36FA6162-905D-44F4-8327-43C1C7C890C2}.Release|Any CPU.ActiveCfg = Release|Any CPU
		{36FA6162-905D-44F4-8327-43C1C7C890C2}.Release|Any CPU.Build.0 = Release|Any CPU
		{14F1D225-6CA6-47CB-82B8-BAB3055CFCC2}.Debug|Any CPU.ActiveCfg = Debug|Any CPU
		{14F1D225-6CA6-47CB-82B8-BAB3055CFCC2}.Debug|Any CPU.Build.0 = Debug|Any CPU
		{14F1D225-6CA6-47CB-82B8-BAB3055CFCC2}.Release|Any CPU.ActiveCfg = Release|Any CPU
		{14F1D225-6CA6-47CB-82B8-BAB3055CFCC2}.Release|Any CPU.Build.0 = Release|Any CPU
		{C3AE176F-5D6F-4EB3-87EF-F19EC45B08A8}.Debug|Any CPU.ActiveCfg = Debug|Any CPU
		{C3AE176F-5D6F-4EB3-87EF-F19EC45B08A8}.Debug|Any CPU.Build.0 = Debug|Any CPU
		{C3AE176F-5D6F-4EB3-87EF-F19EC45B08A8}.Release|Any CPU.ActiveCfg = Release|Any CPU
		{C3AE176F-5D6F-4EB3-87EF-F19EC45B08A8}.Release|Any CPU.Build.0 = Release|Any CPU
	EndGlobalSection
	GlobalSection(SolutionProperties) = preSolution
		HideSolutionNode = FALSE
	EndGlobalSection
	GlobalSection(NestedProjects) = preSolution
		{42B283A0-1B51-4C6C-80C7-39AA785181BF} = {EA39A551-0196-4004-8451-3943A719F543}
		{36FA6162-905D-44F4-8327-43C1C7C890C2} = {EA39A551-0196-4004-8451-3943A719F543}
		{14F1D225-6CA6-47CB-82B8-BAB3055CFCC2} = {EA39A551-0196-4004-8451-3943A719F543}
		{C3AE176F-5D6F-4EB3-87EF-F19EC45B08A8} = {EA39A551-0196-4004-8451-3943A719F543}
	EndGlobalSection
	GlobalSection(ExtensibilityGlobals) = postSolution
		SolutionGuid = {5B4D74F3-6238-4226-98F6-91BD948C907B}
	EndGlobalSection
EndGlobal
